<?xml version="1.0" encoding="utf-8"?>
<Project ToolsVersion="4.0" xmlns="http://schemas.microsoft.com/developer/msbuild/2003">
  <ItemGroup>
    <Filter Include="Source Files">
      <UniqueIdentifier>{4FC737F1-C7A5-4376-A066-2A32D752A2FF}</UniqueIdentifier>
      <Extensions>cpp;c;cc;cxx;def;odl;idl;hpj;bat;asm;asmx</Extensions>
    </Filter>
    <Filter Include="Lua">
      <UniqueIdentifier>{569333de-b25a-4d5e-85ea-6d96eadc3755}</UniqueIdentifier>
    </Filter>
    <Filter Include="Source Files\Rendering">
      <UniqueIdentifier>{d368f9df-0593-4396-ad71-f524ed02068e}</UniqueIdentifier>
    </Filter>
    <Filter Include="Source Files\Utilities">
      <UniqueIdentifier>{e4cb0086-a458-4ce1-b8ce-1a3371b361d1}</UniqueIdentifier>
    </Filter>
    <Filter Include="Source Files\System">
      <UniqueIdentifier>{c1fa8f3c-43ee-4200-86b8-3df43be27ddf}</UniqueIdentifier>
    </Filter>
    <Filter Include="Source Files\Game">
      <UniqueIdentifier>{ea10257e-4f8f-41a2-a508-5f58e019dbf1}</UniqueIdentifier>
    </Filter>
    <Filter Include="Source Files\Scripting">
      <UniqueIdentifier>{63e8e028-6931-42db-9731-2eea2bf9658c}</UniqueIdentifier>
    </Filter>
  </ItemGroup>
  <ItemGroup>
    <ClCompile Include="main.cpp">
      <Filter>Source Files</Filter>
    </ClCompile>
    <ClCompile Include="Lua\lapi.c">
      <Filter>Lua</Filter>
    </ClCompile>
    <ClCompile Include="Lua\lauxlib.c">
      <Filter>Lua</Filter>
    </ClCompile>
    <ClCompile Include="Lua\lbaselib.c">
      <Filter>Lua</Filter>
    </ClCompile>
    <ClCompile Include="Lua\lbitlib.c">
      <Filter>Lua</Filter>
    </ClCompile>
    <ClCompile Include="Lua\lcode.c">
      <Filter>Lua</Filter>
    </ClCompile>
    <ClCompile Include="Lua\lcorolib.c">
      <Filter>Lua</Filter>
    </ClCompile>
    <ClCompile Include="Lua\lctype.c">
      <Filter>Lua</Filter>
    </ClCompile>
    <ClCompile Include="Lua\ldblib.c">
      <Filter>Lua</Filter>
    </ClCompile>
    <ClCompile Include="Lua\ldebug.c">
      <Filter>Lua</Filter>
    </ClCompile>
    <ClCompile Include="Lua\ldo.c">
      <Filter>Lua</Filter>
    </ClCompile>
    <ClCompile Include="Lua\ldump.c">
      <Filter>Lua</Filter>
    </ClCompile>
    <ClCompile Include="Lua\lfunc.c">
      <Filter>Lua</Filter>
    </ClCompile>
    <ClCompile Include="Lua\lgc.c">
      <Filter>Lua</Filter>
    </ClCompile>
    <ClCompile Include="Lua\linit.c">
      <Filter>Lua</Filter>
    </ClCompile>
    <ClCompile Include="Lua\liolib.c">
      <Filter>Lua</Filter>
    </ClCompile>
    <ClCompile Include="Lua\llex.c">
      <Filter>Lua</Filter>
    </ClCompile>
    <ClCompile Include="Lua\lmathlib.c">
      <Filter>Lua</Filter>
    </ClCompile>
    <ClCompile Include="Lua\lmem.c">
      <Filter>Lua</Filter>
    </ClCompile>
    <ClCompile Include="Lua\loadlib.c">
      <Filter>Lua</Filter>
    </ClCompile>
    <ClCompile Include="Lua\lobject.c">
      <Filter>Lua</Filter>
    </ClCompile>
    <ClCompile Include="Lua\lopcodes.c">
      <Filter>Lua</Filter>
    </ClCompile>
    <ClCompile Include="Lua\loslib.c">
      <Filter>Lua</Filter>
    </ClCompile>
    <ClCompile Include="Lua\lparser.c">
      <Filter>Lua</Filter>
    </ClCompile>
    <ClCompile Include="Lua\lstate.c">
      <Filter>Lua</Filter>
    </ClCompile>
    <ClCompile Include="Lua\lstring.c">
      <Filter>Lua</Filter>
    </ClCompile>
    <ClCompile Include="Lua\lstrlib.c">
      <Filter>Lua</Filter>
    </ClCompile>
    <ClCompile Include="Lua\ltable.c">
      <Filter>Lua</Filter>
    </ClCompile>
    <ClCompile Include="Lua\ltablib.c">
      <Filter>Lua</Filter>
    </ClCompile>
    <ClCompile Include="Lua\ltm.c">
      <Filter>Lua</Filter>
    </ClCompile>
    <ClCompile Include="Lua\lundump.c">
      <Filter>Lua</Filter>
    </ClCompile>
    <ClCompile Include="Lua\lvm.c">
      <Filter>Lua</Filter>
    </ClCompile>
    <ClCompile Include="Lua\lzio.c">
      <Filter>Lua</Filter>
    </ClCompile>
    <ClCompile Include="camera.cpp">
      <Filter>Source Files\Rendering</Filter>
    </ClCompile>
    <ClCompile Include="shader.cpp">
      <Filter>Source Files\Rendering</Filter>
    </ClCompile>
    <ClCompile Include="texture.cpp">
      <Filter>Source Files\Rendering</Filter>
    </ClCompile>
    <ClCompile Include="input.cpp">
      <Filter>Source Files\System</Filter>
    </ClCompile>
    <ClCompile Include="log.cpp">
      <Filter>Source Files\System</Filter>
    </ClCompile>
    <ClCompile Include="mesh.cpp">
      <Filter>Source Files\Rendering</Filter>
    </ClCompile>
    <ClCompile Include="model.cpp">
      <Filter>Source Files\Rendering</Filter>
    </ClCompile>
    <ClCompile Include="graphics.cpp">
      <Filter>Source Files\Rendering</Filter>
    </ClCompile>
    <ClCompile Include="assets.cpp">
      <Filter>Source Files\Rendering</Filter>
    </ClCompile>
    <ClCompile Include="entity.cpp">
      <Filter>Source Files\Game</Filter>
    </ClCompile>
    <ClCompile Include="transform.cpp">
      <Filter>Source Files\Rendering</Filter>
    </ClCompile>
    <ClCompile Include="font.cpp">
      <Filter>Source Files\Rendering</Filter>
    </ClCompile>
    <ClCompile Include="level.cpp">
      <Filter>Source Files\Game</Filter>
    </ClCompile>
    <ClCompile Include="prop.cpp">
      <Filter>Source Files\Game</Filter>
    </ClCompile>
    <ClCompile Include="shapes.cpp">
      <Filter>Source Files\Rendering</Filter>
    </ClCompile>
    <ClCompile Include="scripting.cpp">
      <Filter>Source Files\Scripting</Filter>
    </ClCompile>
    <ClCompile Include="lua_assets.cpp">
      <Filter>Source Files\Scripting</Filter>
    </ClCompile>
    <ClCompile Include="lua_camera.cpp">
      <Filter>Source Files\Scripting</Filter>
    </ClCompile>
    <ClCompile Include="lua_input.cpp">
      <Filter>Source Files\Scripting</Filter>
    </ClCompile>
    <ClCompile Include="lua_log.cpp">
      <Filter>Source Files\Scripting</Filter>
    </ClCompile>
    <ClCompile Include="lua_rendering.cpp">
      <Filter>Source Files\Scripting</Filter>
    </ClCompile>
    <ClCompile Include="lua_shapes.cpp">
      <Filter>Source Files\Scripting</Filter>
    </ClCompile>
    <ClCompile Include="lua_systeminfo.cpp">
      <Filter>Source Files\Scripting</Filter>
    </ClCompile>
    <ClCompile Include="lua_transform.cpp">
      <Filter>Source Files\Scripting</Filter>
    </ClCompile>
    <ClCompile Include="instanced_model.cpp">
      <Filter>Source Files\Rendering</Filter>
    </ClCompile>
    <ClCompile Include="system_info.cpp">
      <Filter>Source Files\System</Filter>
    </ClCompile>
    <ClCompile Include="thread_pool.cpp">
      <Filter>Source Files\System</Filter>
    </ClCompile>
    <ClCompile Include="lua_filesystem.cpp">
      <Filter>Source Files\Scripting</Filter>
    </ClCompile>
  </ItemGroup>
  <ItemGroup>
    <ClInclude Include="Lua\lapi.h">
      <Filter>Lua</Filter>
    </ClInclude>
    <ClInclude Include="Lua\lauxlib.h">
      <Filter>Lua</Filter>
    </ClInclude>
    <ClInclude Include="Lua\lcode.h">
      <Filter>Lua</Filter>
    </ClInclude>
    <ClInclude Include="Lua\lctype.h">
      <Filter>Lua</Filter>
    </ClInclude>
    <ClInclude Include="Lua\ldebug.h">
      <Filter>Lua</Filter>
    </ClInclude>
    <ClInclude Include="Lua\ldo.h">
      <Filter>Lua</Filter>
    </ClInclude>
    <ClInclude Include="Lua\lfunc.h">
      <Filter>Lua</Filter>
    </ClInclude>
    <ClInclude Include="Lua\lgc.h">
      <Filter>Lua</Filter>
    </ClInclude>
    <ClInclude Include="Lua\llex.h">
      <Filter>Lua</Filter>
    </ClInclude>
    <ClInclude Include="Lua\llimits.h">
      <Filter>Lua</Filter>
    </ClInclude>
    <ClInclude Include="Lua\lmem.h">
      <Filter>Lua</Filter>
    </ClInclude>
    <ClInclude Include="Lua\lobject.h">
      <Filter>Lua</Filter>
    </ClInclude>
    <ClInclude Include="Lua\lopcodes.h">
      <Filter>Lua</Filter>
    </ClInclude>
    <ClInclude Include="Lua\lparser.h">
      <Filter>Lua</Filter>
    </ClInclude>
    <ClInclude Include="Lua\lstate.h">
      <Filter>Lua</Filter>
    </ClInclude>
    <ClInclude Include="Lua\lstring.h">
      <Filter>Lua</Filter>
    </ClInclude>
    <ClInclude Include="Lua\ltable.h">
      <Filter>Lua</Filter>
    </ClInclude>
    <ClInclude Include="Lua\ltm.h">
      <Filter>Lua</Filter>
    </ClInclude>
    <ClInclude Include="Lua\lua.h">
      <Filter>Lua</Filter>
    </ClInclude>
    <ClInclude Include="Lua\lua.hpp">
      <Filter>Lua</Filter>
    </ClInclude>
    <ClInclude Include="Lua\luaconf.h">
      <Filter>Lua</Filter>
    </ClInclude>
    <ClInclude Include="Lua\lualib.h">
      <Filter>Lua</Filter>
    </ClInclude>
    <ClInclude Include="Lua\lundump.h">
      <Filter>Lua</Filter>
    </ClInclude>
    <ClInclude Include="Lua\lvm.h">
      <Filter>Lua</Filter>
    </ClInclude>
    <ClInclude Include="Lua\lzio.h">
      <Filter>Lua</Filter>
    </ClInclude>
    <ClInclude Include="camera.h">
      <Filter>Source Files\Rendering</Filter>
    </ClInclude>
    <ClInclude Include="common.h">
      <Filter>Source Files\Utilities</Filter>
    </ClInclude>
    <ClInclude Include="point.h">
      <Filter>Source Files\Utilities</Filter>
    </ClInclude>
    <ClInclude Include="shader.h">
      <Filter>Source Files\Rendering</Filter>
    </ClInclude>
    <ClInclude Include="texture.h">
      <Filter>Source Files\Rendering</Filter>
    </ClInclude>
    <ClInclude Include="input.h">
      <Filter>Source Files\System</Filter>
    </ClInclude>
    <ClInclude Include="log.h">
      <Filter>Source Files\System</Filter>
    </ClInclude>
    <ClInclude Include="swap.h">
      <Filter>Source Files\Utilities</Filter>
    </ClInclude>
    <ClInclude Include="array.h">
      <Filter>Source Files\Utilities</Filter>
    </ClInclude>
    <ClInclude Include="queue.h">
      <Filter>Source Files\Utilities</Filter>
    </ClInclude>
    <ClInclude Include="mesh.h">
      <Filter>Source Files\Rendering</Filter>
    </ClInclude>
    <ClInclude Include="vertex.h">
      <Filter>Source Files\Rendering</Filter>
    </ClInclude>
    <ClInclude Include="rendering.h">
      <Filter>Source Files\Rendering</Filter>
    </ClInclude>
    <ClInclude Include="model.h">
      <Filter>Source Files\Rendering</Filter>
    </ClInclude>
    <ClInclude Include="graphics.h">
      <Filter>Source Files\Rendering</Filter>
    </ClInclude>
    <ClInclude Include="assets.h">
      <Filter>Source Files\Rendering</Filter>
    </ClInclude>
    <ClInclude Include="entity.h">
      <Filter>Source Files\Game</Filter>
    </ClInclude>
    <ClInclude Include="transform.h">
      <Filter>Source Files\Rendering</Filter>
    </ClInclude>
    <ClInclude Include="font.h">
      <Filter>Source Files\Rendering</Filter>
    </ClInclude>
    <ClInclude Include="level.h">
      <Filter>Source Files\Game</Filter>
    </ClInclude>
    <ClInclude Include="prop.h">
      <Filter>Source Files\Game</Filter>
    </ClInclude>
    <ClInclude Include="text.h">
      <Filter>Source Files\Utilities</Filter>
    </ClInclude>
    <ClInclude Include="shapes.h">
      <Filter>Source Files\Rendering</Filter>
    </ClInclude>
    <ClInclude Include="scripting.h">
      <Filter>Source Files\Scripting</Filter>
    </ClInclude>
    <ClInclude Include="lua_assets.h">
      <Filter>Source Files\Scripting</Filter>
    </ClInclude>
    <ClInclude Include="lua_camera.h">
      <Filter>Source Files\Scripting</Filter>
    </ClInclude>
    <ClInclude Include="lua_input.h">
      <Filter>Source Files\Scripting</Filter>
    </ClInclude>
    <ClInclude Include="lua_log.h">
      <Filter>Source Files\Scripting</Filter>
    </ClInclude>
    <ClInclude Include="lua_rendering.h">
      <Filter>Source Files\Scripting</Filter>
    </ClInclude>
    <ClInclude Include="lua_shapes.h">
      <Filter>Source Files\Scripting</Filter>
    </ClInclude>
    <ClInclude Include="lua_systeminfo.h">
      <Filter>Source Files\Scripting</Filter>
    </ClInclude>
    <ClInclude Include="lua_transform.h">
      <Filter>Source Files\Scripting</Filter>
    </ClInclude>
    <ClInclude Include="lua_utils.h">
      <Filter>Source Files\Scripting</Filter>
    </ClInclude>
    <ClInclude Include="instanced_model.h">
      <Filter>Source Files\Rendering</Filter>
    </ClInclude>
    <ClInclude Include="system_info.h">
      <Filter>Source Files\System</Filter>
    </ClInclude>
    <ClInclude Include="thread_data.h">
      <Filter>Source Files\System</Filter>
    </ClInclude>
    <ClInclude Include="thread_pool.h">
      <Filter>Source Files\System</Filter>
    </ClInclude>
    <ClInclude Include="swap_array.h">
      <Filter>Source Files\Utilities</Filter>
    </ClInclude>
    <ClInclude Include="core_data.h">
      <Filter>Source Files\Utilities</Filter>
    </ClInclude>
    <ClInclude Include="lua_filesystem.h">
      <Filter>Source Files\Scripting</Filter>
    </ClInclude>
  </ItemGroup>
</Project>